{
  "originHash" : "134b8717613850e3342ddf616d4536fbb1d881bc45b109155fc816d670e6b7fe",
  "pins" : [
    {
      "identity" : "bhswiftoslogstream",
      "kind" : "remoteSourceControl",
      "location" : "https://github.com/BrianHenryIE/BHSwiftOSLogStream.git",
      "state" : {
        "branch" : "master",
        "revision" : "f8f0f0ee6be3de0159f777c89f854eed4eb3ce64"
      }
    },
    {
      "identity" : "swift-collections",
      "kind" : "remoteSourceControl",
      "location" : "https://github.com/apple/swift-collections.git",
      "state" : {
        "revision" : "671108c96644956dddcd89dd59c203dcdb36cec7",
        "version" : "1.1.4"
      }
    }
  ],
  "version" : 3
}
